
Microsoft Visual Studio Solution File, Format Version 12.00
# Visual Studio Version 17
VisualStudioVersion = 17.14.36705.20 d17.14
MinimumVisualStudioVersion = 10.0.40219.1
Project("{FAE04EC0-301F-11D3-BF4B-00C04F79EFBC}") = "TaskCentral.Api", "TaskCentral\TaskCentral.Api.csproj", "{444DC825-1C7E-46AD-9B9D-FBB520688F9F}"
EndProject
Project("{FAE04EC0-301F-11D3-BF4B-00C04F79EFBC}") = "TaskCentral.Application", "TaskCentral.Application\TaskCentral.Application.csproj", "{42E018C8-E97C-4EA8-8134-4CC1494EE5D4}"
EndProject
Project("{FAE04EC0-301F-11D3-BF4B-00C04F79EFBC}") = "TaskCentral.Domain", "TaskCentral.Domain\TaskCentral.Domain.csproj", "{184AD33B-E782-4947-AB58-B59725C294A0}"
EndProject
Project("{FAE04EC0-301F-11D3-BF4B-00C04F79EFBC}") = "TaskCentral.Infrastructure", "TaskCentral.Infrastructure\TaskCentral.Infrastructure.csproj", "{E02F2705-3C6D-4D2D-9962-D35DAFE7F9E3}"
EndProject
Global
	GlobalSection(SolutionConfigurationPlatforms) = preSolution
		Debug|Any CPU = Debug|Any CPU
		Release|Any CPU = Release|Any CPU
	EndGlobalSection
	GlobalSection(ProjectConfigurationPlatforms) = postSolution
		{444DC825-1C7E-46AD-9B9D-FBB520688F9F}.Debug|Any CPU.ActiveCfg = Debug|Any CPU
		{444DC825-1C7E-46AD-9B9D-FBB520688F9F}.Debug|Any CPU.Build.0 = Debug|Any CPU
		{444DC825-1C7E-46AD-9B9D-FBB520688F9F}.Release|Any CPU.ActiveCfg = Release|Any CPU
		{444DC825-1C7E-46AD-9B9D-FBB520688F9F}.Release|Any CPU.Build.0 = Release|Any CPU
		{42E018C8-E97C-4EA8-8134-4CC1494EE5D4}.Debug|Any CPU.ActiveCfg = Debug|Any CPU
		{42E018C8-E97C-4EA8-8134-4CC1494EE5D4}.Debug|Any CPU.Build.0 = Debug|Any CPU
		{42E018C8-E97C-4EA8-8134-4CC1494EE5D4}.Release|Any CPU.ActiveCfg = Release|Any CPU
		{42E018C8-E97C-4EA8-8134-4CC1494EE5D4}.Release|Any CPU.Build.0 = Release|Any CPU
		{184AD33B-E782-4947-AB58-B59725C294A0}.Debug|Any CPU.ActiveCfg = Debug|Any CPU
		{184AD33B-E782-4947-AB58-B59725C294A0}.Debug|Any CPU.Build.0 = Debug|Any CPU
		{184AD33B-E782-4947-AB58-B59725C294A0}.Release|Any CPU.ActiveCfg = Release|Any CPU
		{184AD33B-E782-4947-AB58-B59725C294A0}.Release|Any CPU.Build.0 = Release|Any CPU
		{E02F2705-3C6D-4D2D-9962-D35DAFE7F9E3}.Debug|Any CPU.ActiveCfg = Debug|Any CPU
		{E02F2705-3C6D-4D2D-9962-D35DAFE7F9E3}.Debug|Any CPU.Build.0 = Debug|Any CPU
		{E02F2705-3C6D-4D2D-9962-D35DAFE7F9E3}.Release|Any CPU.ActiveCfg = Release|Any CPU
		{E02F2705-3C6D-4D2D-9962-D35DAFE7F9E3}.Release|Any CPU.Build.0 = Release|Any CPU
	EndGlobalSection
	GlobalSection(SolutionProperties) = preSolution
		HideSolutionNode = FALSE
	EndGlobalSection
	GlobalSection(ExtensibilityGlobals) = postSolution
		SolutionGuid = {8293ED3E-71DE-41A0-9593-A43BC90F185A}
	EndGlobalSection
EndGlobal
